// !$*UTF8*$!
{
	archiveVersion = 1;
	classes = {
	};
	objectVersion = 46;
	objects = {

/* Begin PBXBuildFile section */
		9AD45D7A1C7DE6FF0061EC00 /* main.m in Sources */ = {isa = PBXBuildFile; fileRef = 9AD45D791C7DE6FF0061EC00 /* main.m */; };
		9AD45D7D1C7DE6FF0061EC00 /* AppDelegate.m in Sources */ = {isa = PBXBuildFile; fileRef = 9AD45D7C1C7DE6FF0061EC00 /* AppDelegate.m */; };
		9AD45D801C7DE6FF0061EC00 /* ViewController.m in Sources */ = {isa = PBXBuildFile; fileRef = 9AD45D7F1C7DE6FF0061EC00 /* ViewController.m */; };
		9AD45D831C7DE6FF0061EC00 /* Main.storyboard in Resources */ = {isa = PBXBuildFile; fileRef = 9AD45D811C7DE6FF0061EC00 /* Main.storyboard */; };
		9AD45D851C7DE6FF0061EC00 /* Images.xcassets in Resources */ = {isa = PBXBuildFile; fileRef = 9AD45D841C7DE6FF0061EC00 /* Images.xcassets */; };
		9AD45D881C7DE6FF0061EC00 /* LaunchScreen.xib in Resources */ = {isa = PBXBuildFile; fileRef = 9AD45D861C7DE6FF0061EC00 /* LaunchScreen.xib */; };
		9AD45D941C7DE6FF0061EC00 /* BothTableViewTests.m in Sources */ = {isa = PBXBuildFile; fileRef = 9AD45D931C7DE6FF0061EC00 /* BothTableViewTests.m */; };
		9AD45D9F1C7DF7DE0061EC00 /* TableViewController.m in Sources */ = {isa = PBXBuildFile; fileRef = 9AD45D9E1C7DF7DE0061EC00 /* TableViewController.m */; };
/* End PBXBuildFile section */

/* Begin PBXContainerItemProxy section */
		9AD45D8E1C7DE6FF0061EC00 /* PBXContainerItemProxy */ = {
			isa = PBXContainerItemProxy;
			containerPortal = 9AD45D6C1C7DE6FF0061EC00 /* Project object */;
			proxyType = 1;
			remoteGlobalIDString = 9AD45D731C7DE6FF0061EC00;
			remoteInfo = BothTableView;
		};
/* End PBXContainerItemProxy section */

/* Begin PBXFileReference section */
		9AD45D741C7DE6FF0061EC00 /* BothTableView.app */ = {isa = PBXFileReference; explicitFileType = wrapper.application; includeInIndex = 0; path = BothTableView.app; sourceTree = BUILT_PRODUCTS_DIR; };
		9AD45D781C7DE6FF0061EC00 /* Info.plist */ = {isa = PBXFileReference; lastKnownFileType = text.plist.xml; path = Info.plist; sourceTree = "<group>"; };
		9AD45D791C7DE6FF0061EC00 /* main.m */ = {isa = PBXFileReference; lastKnownFileType = sourcecode.c.objc; path = main.m; sourceTree = "<group>"; };
		9AD45D7B1C7DE6FF0061EC00 /* AppDelegate.h */ = {isa = PBXFileReference; lastKnownFileType = sourcecode.c.h; path = AppDelegate.h; sourceTree = "<group>"; };
		9AD45D7C1C7DE6FF0061EC00 /* AppDelegate.m */ = {isa = PBXFileReference; lastKnownFileType = sourcecode.c.objc; path = AppDelegate.m; sourceTree = "<group>"; };
		9AD45D7E1C7DE6FF0061EC00 /* ViewController.h */ = {isa = PBXFileReference; lastKnownFileType = sourcecode.c.h; path = ViewController.h; sourceTree = "<group>"; };
		9AD45D7F1C7DE6FF0061EC00 /* ViewController.m */ = {isa = PBXFileReference; lastKnownFileType = sourcecode.c.objc; path = ViewController.m; sourceTree = "<group>"; };
		9AD45D821C7DE6FF0061EC00 /* Base */ = {isa = PBXFileReference; lastKnownFileType = file.storyboard; name = Base; path = Base.lproj/Main.storyboard; sourceTree = "<group>"; };
		9AD45D841C7DE6FF0061EC00 /* Images.xcassets */ = {isa = PBXFileReference; lastKnownFileType = folder.assetcatalog; path = Images.xcassets; sourceTree = "<group>"; };
		9AD45D871C7DE6FF0061EC00 /* Base */ = {isa = PBXFileReference; lastKnownFileType = file.xib; name = Base; path = Base.lproj/LaunchScreen.xib; sourceTree = "<group>"; };
		9AD45D8D1C7DE6FF0061EC00 /* BothTableViewTests.xctest */ = {isa = PBXFileReference; explicitFileType = wrapper.cfbundle; includeInIndex = 0; path = BothTableViewTests.xctest; sourceTree = BUILT_PRODUCTS_DIR; };
		9AD45D921C7DE6FF0061EC00 /* Info.plist */ = {isa = PBXFileReference; lastKnownFileType = text.plist.xml; path = Info.plist; sourceTree = "<group>"; };
		9AD45D931C7DE6FF0061EC00 /* BothTableViewTests.m */ = {isa = PBXFileReference; lastKnownFileType = sourcecode.c.objc; path = BothTableViewTests.m; sourceTree = "<group>"; };
		9AD45D9D1C7DF7DD0061EC00 /* TableViewController.h */ = {isa = PBXFileReference; fileEncoding = 4; lastKnownFileType = sourcecode.c.h; path = TableViewController.h; sourceTree = "<group>"; };
		9AD45D9E1C7DF7DE0061EC00 /* TableViewController.m */ = {isa = PBXFileReference; fileEncoding = 4; lastKnownFileType = sourcecode.c.objc; path = TableViewController.m; sourceTree = "<group>"; };
/* End PBXFileReference section */

/* Begin PBXFrameworksBuildPhase section */
		9AD45D711C7DE6FF0061EC00 /* Frameworks */ = {
			isa = PBXFrameworksBuildPhase;
			buildActionMask = 2147483647;
			files = (
			);
			runOnlyForDeploymentPostprocessing = 0;
		};
		9AD45D8A1C7DE6FF0061EC00 /* Frameworks */ = {
			isa = PBXFrameworksBuildPhase;
			buildActionMask = 2147483647;
			files = (
			);
			runOnlyForDeploymentPostprocessing = 0;
		};
/* End PBXFrameworksBuildPhase section */

/* Begin PBXGroup section */
		9AD45D6B1C7DE6FF0061EC00 = {
			isa = PBXGroup;
			children = (
				9AD45D761C7DE6FF0061EC00 /* BothTableView */,
				9AD45D751C7DE6FF0061EC00 /* Products */,
			);
			sourceTree = "<group>";
		};
		9AD45D751C7DE6FF0061EC00 /* Products */ = {
			isa = PBXGroup;
			children = (
				9AD45D741C7DE6FF0061EC00 /* BothTableView.app */,
				9AD45D8D1C7DE6FF0061EC00 /* BothTableViewTests.xctest */,
			);
			name = Products;
			sourceTree = "<group>";
		};
		9AD45D761C7DE6FF0061EC00 /* BothTableView */ = {
			isa = PBXGroup;
			children = (
				9AD45D7B1C7DE6FF0061EC00 /* AppDelegate.h */,
				9AD45D7C1C7DE6FF0061EC00 /* AppDelegate.m */,
				9AD45D7E1C7DE6FF0061EC00 /* ViewController.h */,
				9AD45D7F1C7DE6FF0061EC00 /* ViewController.m */,
				9AD45D811C7DE6FF0061EC00 /* Main.storyboard */,
				9AD45D841C7DE6FF0061EC00 /* Images.xcassets */,
				9AD45D861C7DE6FF0061EC00 /* LaunchScreen.xib */,
				9AD45D901C7DE6FF0061EC00 /* BothTableViewTests */,
				9AD45D771C7DE6FF0061EC00 /* Supporting Files */,
				9AD45D9D1C7DF7DD0061EC00 /* TableViewController.h */,
				9AD45D9E1C7DF7DE0061EC00 /* TableViewController.m */,
			);
			path = BothTableView;
			sourceTree = "<group>";
		};
		9AD45D771C7DE6FF0061EC00 /* Supporting Files */ = {
			isa = PBXGroup;
			children = (
				9AD45D781C7DE6FF0061EC00 /* Info.plist */,
				9AD45D791C7DE6FF0061EC00 /* main.m */,
			);
			name = "Supporting Files";
			sourceTree = "<group>";
		};
		9AD45D901C7DE6FF0061EC00 /* BothTableViewTests */ = {
			isa = PBXGroup;
			children = (
				9AD45D931C7DE6FF0061EC00 /* BothTableViewTests.m */,
				9AD45D911C7DE6FF0061EC00 /* Supporting Files */,
			);
			path = BothTableViewTests;
			sourceTree = SOURCE_ROOT;
		};
		9AD45D911C7DE6FF0061EC00 /* Supporting Files */ = {
			isa = PBXGroup;
			children = (
				9AD45D921C7DE6FF0061EC00 /* Info.plist */,
			);
			name = "Supporting Files";
			sourceTree = "<group>";
		};
/* End PBXGroup section */

/* Begin PBXNativeTarget section */
		9AD45D731C7DE6FF0061EC00 /* BothTableView */ = {
			isa = PBXNativeTarget;
			buildConfigurationList = 9AD45D971C7DE6FF0061EC00 /* Build configuration list for PBXNativeTarget "BothTableView" */;
			buildPhases = (
				9AD45D701C7DE6FF0061EC00 /* Sources */,
				9AD45D711C7DE6FF0061EC00 /* Frameworks */,
				9AD45D721C7DE6FF0061EC00 /* Resources */,
			);
			buildRules = (
			);
			dependencies = (
			);
			name = BothTableView;
			productName = BothTableView;
			productReference = 9AD45D741C7DE6FF0061EC00 /* BothTableView.app */;
			productType = "com.apple.product-type.application";
		};
		9AD45D8C1C7DE6FF0061EC00 /* BothTableViewTests */ = {
			isa = PBXNativeTarget;
			buildConfigurationList = 9AD45D9A1C7DE6FF0061EC00 /* Build configuration list for PBXNativeTarget "BothTableViewTests" */;
			buildPhases = (
				9AD45D891C7DE6FF0061EC00 /* Sources */,
				9AD45D8A1C7DE6FF0061EC00 /* Frameworks */,
				9AD45D8B1C7DE6FF0061EC00 /* Resources */,
			);
			buildRules = (
			);
			dependencies = (
				9AD45D8F1C7DE6FF0061EC00 /* PBXTargetDependency */,
			);
			name = BothTableViewTests;
			productName = BothTableViewTests;
			productReference = 9AD45D8D1C7DE6FF0061EC00 /* BothTableViewTests.xctest */;
			productType = "com.apple.product-type.bundle.unit-test";
		};
/* End PBXNativeTarget section */

/* Begin PBXProject section */
		9AD45D6C1C7DE6FF0061EC00 /* Project object */ = {
			isa = PBXProject;
			attributes = {
				LastUpgradeCheck = 0610;
				ORGANIZATIONNAME = "Vnurture Technology";
				TargetAttributes = {
					9AD45D731C7DE6FF0061EC00 = {
						CreatedOnToolsVersion = 6.1.1;
					};
					9AD45D8C1C7DE6FF0061EC00 = {
						CreatedOnToolsVersion = 6.1.1;
						TestTargetID = 9AD45D731C7DE6FF0061EC00;
					};
				};
			};
			buildConfigurationList = 9AD45D6F1C7DE6FF0061EC00 /* Build configuration list for PBXProject "BothTableView" */;
			compatibilityVersion = "Xcode 3.2";
			developmentRegion = English;
			hasScannedForEncodings = 0;
			knownRegions = (
				en,
				Base,
			);
			mainGroup = 9AD45D6B1C7DE6FF0061EC00;
			productRefGroup = 9AD45D751C7DE6FF0061EC00 /* Products */;
			projectDirPath = "";
			projectRoot = "";
			targets = (
				9AD45D731C7DE6FF0061EC00 /* BothTableView */,
				9AD45D8C1C7DE6FF0061EC00 /* BothTableViewTests */,
			);
		};
/* End PBXProject section */

/* Begin PBXResourcesBuildPhase section */
		9AD45D721C7DE6FF0061EC00 /* Resources */ = {
			isa = PBXResourcesBuildPhase;
			buildActionMask = 2147483647;
			files = (
				9AD45D831C7DE6FF0061EC00 /* Main.storyboard in Resources */,
				9AD45D881C7DE6FF0061EC00 /* LaunchScreen.xib in Resources */,
				9AD45D851C7DE6FF0061EC00 /* Images.xcassets in Resources */,
			);
			runOnlyForDeploymentPostprocessing = 0;
		};
		9AD45D8B1C7DE6FF0061EC00 /* Resources */ = {
			isa = PBXResourcesBuildPhase;
			buildActionMask = 2147483647;
			files = (
			);
			runOnlyForDeploymentPostprocessing = 0;
		};
/* End PBXResourcesBuildPhase section */

/* Begin PBXSourcesBuildPhase section */
		9AD45D701C7DE6FF0061EC00 /* Sources */ = {
			isa = PBXSourcesBuildPhase;
			buildActionMask = 2147483647;
			files = (
				9AD45D801C7DE6FF0061EC00 /* ViewController.m in Sources */,
				9AD45D7D1C7DE6FF0061EC00 /* AppDelegate.m in Sources */,
				9AD45D7A1C7DE6FF0061EC00 /* main.m in Sources */,
				9AD45D9F1C7DF7DE0061EC00 /* TableViewController.m in Sources */,
			);
			runOnlyForDeploymentPostprocessing = 0;
		};
		9AD45D891C7DE6FF0061EC00 /* Sources */ = {
			isa = PBXSourcesBuildPhase;
			buildActionMask = 2147483647;
			files = (
				9AD45D941C7DE6FF0061EC00 /* BothTableViewTests.m in Sources */,
			);
			runOnlyForDeploymentPostprocessing = 0;
		};
/* End PBXSourcesBuildPhase section */

/* Begin PBXTargetDependency section */
		9AD45D8F1C7DE6FF0061EC00 /* PBXTargetDependency */ = {
			isa = PBXTargetDependency;
			target = 9AD45D731C7DE6FF0061EC00 /* BothTableView */;
			targetProxy = 9AD45D8E1C7DE6FF0061EC00 /* PBXContainerItemProxy */;
		};
/* End PBXTargetDependency section */

/* Begin PBXVariantGroup section */
		9AD45D811C7DE6FF0061EC00 /* Main.storyboard */ = {
			isa = PBXVariantGroup;
			children = (
				9AD45D821C7DE6FF0061EC00 /* Base */,
			);
			name = Main.storyboard;
			sourceTree = "<group>";
		};
		9AD45D861C7DE6FF0061EC00 /* LaunchScreen.xib */ = {
			isa = PBXVariantGroup;
			children = (
				9AD45D871C7DE6FF0061EC00 /* Base */,
			);
			name = LaunchScreen.xib;
			sourceTree = "<group>";
		};
/* End PBXVariantGroup section */

/* Begin XCBuildConfiguration section */
		9AD45D951C7DE6FF0061EC00 /* Debug */ = {
			isa = XCBuildConfiguration;
			buildSettings = {
				ALWAYS_SEARCH_USER_PATHS = NO;
				CLANG_CXX_LANGUAGE_STANDARD = "gnu++0x";
				CLANG_CXX_LIBRARY = "libc++";
				CLANG_ENABLE_MODULES = YES;
				CLANG_ENABLE_OBJC_ARC = YES;
				CLANG_WARN_BOOL_CONVERSION = YES;
				CLANG_WARN_CONSTANT_CONVERSION = YES;
				CLANG_WARN_DIRECT_OBJC_ISA_USAGE = YES_ERROR;
				CLANG_WARN_EMPTY_BODY = YES;
				CLANG_WARN_ENUM_CONVERSION = YES;
				CLANG_WARN_INT_CONVERSION = YES;
				CLANG_WARN_OBJC_ROOT_CLASS = YES_ERROR;
				CLANG_WARN_UNREACHABLE_CODE = YES;
				CLANG_WARN__DUPLICATE_METHOD_MATCH = YES;
				"CODE_SIGN_IDENTITY[sdk=iphoneos*]" = "iPhone Developer";
				COPY_PHASE_STRIP = NO;
				ENABLE_STRICT_OBJC_MSGSEND = YES;
				GCC_C_LANGUAGE_STANDARD = gnu99;
				GCC_DYNAMIC_NO_PIC = NO;
				GCC_OPTIMIZATION_LEVEL = 0;
				GCC_PREPROCESSOR_DEFINITIONS = (
					"DEBUG=1",
					"$(inherited)",
				);
				GCC_SYMBOLS_PRIVATE_EXTERN = NO;
				GCC_WARN_64_TO_32_BIT_CONVERSION = YES;
				GCC_WARN_ABOUT_RETURN_TYPE = YES_ERROR;
				GCC_WARN_UNDECLARED_SELECTOR = YES;
				GCC_WARN_UNINITIALIZED_AUTOS = YES_AGGRESSIVE;
				GCC_WARN_UNUSED_FUNCTION = YES;
				GCC_WARN_UNUSED_VARIABLE = YES;
				IPHONEOS_DEPLOYMENT_TARGET = 8.1;
				MTL_ENABLE_DEBUG_INFO = YES;
				ONLY_ACTIVE_ARCH = YES;
				SDKROOT = iphoneos;
			};
			name = Debug;
		};
		9AD45D961C7DE6FF0061EC00 /* Release */ = {
			isa = XCBuildConfiguration;
			buildSettings = {
				ALWAYS_SEARCH_USER_PATHS = NO;
				CLANG_CXX_LANGUAGE_STANDARD = "gnu++0x";
				CLANG_CXX_LIBRARY = "libc++";
				CLANG_ENABLE_MODULES = YES;
				CLANG_ENABLE_OBJC_ARC = YES;
				CLANG_WARN_BOOL_CONVERSION = YES;
				CLANG_WARN_CONSTANT_CONVERSION = YES;
				CLANG_WARN_DIRECT_OBJC_ISA_USAGE = YES_ERROR;
				CLANG_WARN_EMPTY_BODY = YES;
				CLANG_WARN_ENUM_CONVERSION = YES;
				CLANG_WARN_INT_CONVERSION = YES;
				CLANG_WARN_OBJC_ROOT_CLASS = YES_ERROR;
				CLANG_WARN_UNREACHABLE_CODE = YES;
				CLANG_WARN__DUPLICATE_METHOD_MATCH = YES;
				"CODE_SIGN_IDENTITY[sdk=iphoneos*]" = "iPhone Developer";
				COPY_PHASE_STRIP = YES;
				ENABLE_NS_ASSERTIONS = NO;
				ENABLE_STRICT_OBJC_MSGSEND = YES;
				GCC_C_LANGUAGE_STANDARD = gnu99;
				GCC_WARN_64_TO_32_BIT_CONVERSION = YES;
				GCC_WARN_ABOUT_RETURN_TYPE = YES_ERROR;
				GCC_WARN_UNDECLARED_SELECTOR = YES;
				GCC_WARN_UNINITIALIZED_AUTOS = YES_AGGRESSIVE;
				GCC_WARN_UNUSED_FUNCTION = YES;
				GCC_WARN_UNUSED_VARIABLE = YES;
				IPHONEOS_DEPLOYMENT_TARGET = 8.1;
				MTL_ENABLE_DEBUG_INFO = NO;
				SDKROOT = iphoneos;
				VALIDATE_PRODUCT = YES;
			};
			name = Release;
		};
		9AD45D981C7DE6FF0061EC00 /* Debug */ = {
			isa = XCBuildConfiguration;
			buildSettings = {
				ASSETCATALOG_COMPILER_APPICON_NAME = AppIcon;
				INFOPLIST_FILE = BothTableView/Info.plist;
				LD_RUNPATH_SEARCH_PATHS = "$(inherited) @executable_path/Frameworks";
				PRODUCT_NAME = "$(TARGET_NAME)";
			};
			name = Debug;
		};
		9AD45D991C7DE6FF0061EC00 /* Release */ = {
			isa = XCBuildConfiguration;
			buildSettings = {
				ASSETCATALOG_COMPILER_APPICON_NAME = AppIcon;
				INFOPLIST_FILE = BothTableView/Info.plist;
				LD_RUNPATH_SEARCH_PATHS = "$(inherited) @executable_path/Frameworks";
				PRODUCT_NAME = "$(TARGET_NAME)";
			};
			name = Release;
		};
		9AD45D9B1C7DE6FF0061EC00 /* Debug */ = {
			isa = XCBuildConfiguration;
			buildSettings = {
				BUNDLE_LOADER = "$(TEST_HOST)";
				FRAMEWORK_SEARCH_PATHS = (
					"$(SDKROOT)/Developer/Library/Frameworks",
					"$(inherited)",
				);
				GCC_PREPROCESSOR_DEFINITIONS = (
					"DEBUG=1",
					"$(inherited)",
				);
				INFOPLIST_FILE = BothTableViewTests/Info.plist;
				LD_RUNPATH_SEARCH_PATHS = "$(inherited) @executable_path/Frameworks @loader_path/Frameworks";
				PRODUCT_NAME = "$(TARGET_NAME)";
				TEST_HOST = "$(BUILT_PRODUCTS_DIR)/BothTableView.app/BothTableView";
			};
			name = Debug;
		};
		9AD45D9C1C7DE6FF0061EC00 /* Release */ = {
			isa = XCBuildConfiguration;
			buildSettings = {
				BUNDLE_LOADER = "$(TEST_HOST)";
				FRAMEWORK_SEARCH_PATHS = (
					"$(SDKROOT)/Developer/Library/Frameworks",
					"$(inherited)",
				);
				INFOPLIST_FILE = BothTableViewTests/Info.plist;
				LD_RUNPATH_SEARCH_PATHS = "$(inherited) @executable_path/Frameworks @loader_path/Frameworks";
				PRODUCT_NAME = "$(TARGET_NAME)";
				TEST_HOST = "$(BUILT_PRODUCTS_DIR)/BothTableView.app/BothTableView";
			};
			name = Release;
		};
/* End XCBuildConfiguration section */

/* Begin XCConfigurationList section */
		9AD45D6F1C7DE6FF0061EC00 /* Build configuration list for PBXProject "BothTableView" */ = {
			isa = XCConfigurationList;
			buildConfigurations = (
				9AD45D951C7DE6FF0061EC00 /* Debug */,
				9AD45D961C7DE6FF0061EC00 /* Release */,
			);
			defaultConfigurationIsVisible = 0;
			defaultConfigurationName = Release;
		};
		9AD45D971C7DE6FF0061EC00 /* Build configuration list for PBXNativeTarget "BothTableView" */ = {
			isa = XCConfigurationList;
			buildConfigurations = (
				9AD45D981C7DE6FF0061EC00 /* Debug */,
				9AD45D991C7DE6FF0061EC00 /* Release */,
			);
			defaultConfigurationIsVisible = 0;
			defaultConfigurationName = Release;
		};
		9AD45D9A1C7DE6FF0061EC00 /* Build configuration list for PBXNativeTarget "BothTableViewTests" */ = {
			isa = XCConfigurationList;
			buildConfigurations = (
				9AD45D9B1C7DE6FF0061EC00 /* Debug */,
				9AD45D9C1C7DE6FF0061EC00 /* Release */,
			);
			defaultConfigurationIsVisible = 0;
			defaultConfigurationName = Release;
		};
/* End XCConfigurationList section */
	};
	rootObject = 9AD45D6C1C7DE6FF0061EC00 /* Project object */;
}
